PODS:
  - IBMSwiftSDKCore (1.0.0)
  - IBMWatsonLanguageTranslatorV3 (4.3.0):
    - IBMSwiftSDKCore (~> 1.0.0)
  - IBMWatsonTextToSpeechV1 (4.3.0):
    - IBMSwiftSDKCore (~> 1.0.0)
  - ReactorKit (3.1.0):
    - RxSwift (~> 6.0)
    - WeakMapTable (~> 1.1)
  - Reusable (4.1.2):
    - Reusable/Storyboard (= 4.1.2)
    - Reusable/View (= 4.1.2)
  - Reusable/Storyboard (4.1.2)
  - Reusable/View (4.1.2)
  - RxCocoa (6.2.0):
    - RxRelay (= 6.2.0)
    - RxSwift (= 6.2.0)
  - RxRelay (6.2.0):
    - RxSwift (= 6.2.0)
  - RxSwift (6.2.0)
  - TesseractOCRiOS (4.0.0)
  - Then (2.7.0)
  - WeakMapTable (1.2.0)

DEPENDENCIES:
  - IBMWatsonLanguageTranslatorV3
  - IBMWatsonTextToSpeechV1
  - ReactorKit
  - Reusable
  - RxCocoa
  - RxSwift
  - TesseractOCRiOS (from `git://github.com/parallaxe/Tesseract-OCR-iOS.git`, branch `macos-support`)
  - Then

SPEC REPOS:
  trunk:
    - IBMSwiftSDKCore
    - IBMWatsonLanguageTranslatorV3
    - IBMWatsonTextToSpeechV1
    - ReactorKit
    - Reusable
    - RxCocoa
    - RxRelay
    - RxSwift
    - Then
    - WeakMapTable

EXTERNAL SOURCES:
  TesseractOCRiOS:
    :branch: macos-support
    :git: git://github.com/parallaxe/Tesseract-OCR-iOS.git

CHECKOUT OPTIONS:
  TesseractOCRiOS:
    :commit: d16bb14e136d875bd5a519febe9e3c103d212647
    :git: git://github.com/parallaxe/Tesseract-OCR-iOS.git

SPEC CHECKSUMS:
  IBMSwiftSDKCore: 54ad77b03a4d27b218ba514580197db3b89a96ca
  IBMWatsonLanguageTranslatorV3: d801258bf4fa1f4a67ac5d28d21ff01f8cea681a
  IBMWatsonTextToSpeechV1: 2a1bd30565422011152630f6689983de4db6e12f
  ReactorKit: a06dd2a5c9339287aedf3dc821cfab6347eca106
  Reusable: 6bae6a5e8aa793c9c441db0213c863a64bce9136
  RxCocoa: 4baf94bb35f2c0ab31bc0cb9f1900155f646ba42
  RxRelay: e72dbfd157807478401ef1982e1c61c945c94b2f
  RxSwift: d356ab7bee873611322f134c5f9ef379fa183d8f
  TesseractOCRiOS: f51bbcd27d84b9ac59950790413a7e4219e84483
  Then: acfe0be7e98221c6204e12f8161459606d5d822d
  WeakMapTable: 05c694ce8439a7a9ebabb56187287a63c57673d6

PODFILE CHECKSUM: 29e48258c328fd0e8f96467fb738081be03f6855

COCOAPODS: 1.10.1
